
Microsoft Visual Studio Solution File, Format Version 12.00
# Visual Studio Version 17
VisualStudioVersion = 17.8.34511.84
MinimumVisualStudioVersion = 10.0.40219.1
Project("{FAE04EC0-301F-11D3-BF4B-00C04F79EFBC}") = "STUDY.Console.ShiftLogger", "STUDY.Console.ShiftLogger\STUDY.Console.ShiftLogger.csproj", "{631B787A-5438-44EF-82D5-268C4C736BFF}"
EndProject
Global
	GlobalSection(SolutionConfigurationPlatforms) = preSolution
		Debug|Any CPU = Debug|Any CPU
		Release|Any CPU = Release|Any CPU
	EndGlobalSection
	GlobalSection(ProjectConfigurationPlatforms) = postSolution
		{631B787A-5438-44EF-82D5-268C4C736BFF}.Debug|Any CPU.ActiveCfg = Debug|Any CPU
		{631B787A-5438-44EF-82D5-268C4C736BFF}.Debug|Any CPU.Build.0 = Debug|Any CPU
		{631B787A-5438-44EF-82D5-268C4C736BFF}.Release|Any CPU.ActiveCfg = Release|Any CPU
		{631B787A-5438-44EF-82D5-268C4C736BFF}.Release|Any CPU.Build.0 = Release|Any CPU
	EndGlobalSection
	GlobalSection(SolutionProperties) = preSolution
		HideSolutionNode = FALSE
	EndGlobalSection
	GlobalSection(ExtensibilityGlobals) = postSolution
		SolutionGuid = {CD64B06E-2869-4D63-9946-A2A0F74E81E8}
	EndGlobalSection
EndGlobal
